<?xml version="1.0" encoding="utf-8"?>
<Project ToolsVersion="4.0" xmlns="http://schemas.microsoft.com/developer/msbuild/2003">
  <ItemGroup>
    <ClCompile Include="Main.cpp" />
    <ClCompile Include="Math.cpp" />
    <ClCompile Include="Buffer.cpp" />
    <ClCompile Include="String.cpp" />
    <ClCompile Include="Range.cpp" />
    <ClCompile Include="Misc.cpp" />
    <ClCompile Include="FileSys.cpp" />
    <ClCompile Include="Platform.cpp" />
    <ClCompile Include="PikeVM.cpp" />
    <ClCompile Include="Texture.cpp" />
  </ItemGroup>
  <ItemGroup>
    <ClInclude Include="Catch.hpp" />
  </ItemGroup>
</Project>