<?xml version="1.0" encoding="utf-8"?>
<Project ToolsVersion="4.0" xmlns="http://schemas.microsoft.com/developer/msbuild/2003">
  <ItemGroup>
    <Filter Include="Alloc">
      <UniqueIdentifier>{b59781c5-7de7-4a2b-91c6-a2c00c8676c3}</UniqueIdentifier>
    </Filter>
    <Filter Include="Config">
      <UniqueIdentifier>{e461969a-925a-48fb-a0ea-d1020c894091}</UniqueIdentifier>
    </Filter>
    <Filter Include="FileSys">
      <UniqueIdentifier>{6d6b03fc-9d8e-4ee2-a8d2-4284efa5ddcc}</UniqueIdentifier>
    </Filter>
    <Filter Include="Math">
      <UniqueIdentifier>{250bb63b-8063-49b6-8103-dd793ed23a12}</UniqueIdentifier>
    </Filter>
    <Filter Include="Mesh">
      <UniqueIdentifier>{957812f2-5d88-413b-b038-6f7aa35fc924}</UniqueIdentifier>
    </Filter>
    <Filter Include="Misc">
      <UniqueIdentifier>{903ae99d-ce1a-4e31-8556-8b0b8d0753c8}</UniqueIdentifier>
    </Filter>
    <Filter Include="Range">
      <UniqueIdentifier>{5c81792d-7915-4763-9061-0fc0716e6350}</UniqueIdentifier>
    </Filter>
    <Filter Include="Serialize">
      <UniqueIdentifier>{eddc5c25-51e4-49fb-acea-44cfe8ad5551}</UniqueIdentifier>
    </Filter>
    <Filter Include="String">
      <UniqueIdentifier>{0a4d5f58-6f0e-4a0a-9b02-9810608298d3}</UniqueIdentifier>
    </Filter>
    <Filter Include="String\Charset">
      <UniqueIdentifier>{9f5729eb-98b2-4604-b16c-311e6ea2079d}</UniqueIdentifier>
    </Filter>
    <Filter Include="String\String">
      <UniqueIdentifier>{12541554-3c45-4c1e-98e4-65f69f9a00b9}</UniqueIdentifier>
    </Filter>
    <Filter Include="String\Regex">
      <UniqueIdentifier>{0507cfe0-a938-4593-970e-9b7dcb59c5eb}</UniqueIdentifier>
    </Filter>
    <Filter Include="String\Regex\PikeVM">
      <UniqueIdentifier>{8f89885a-1724-4f37-b10d-0ec34a18feae}</UniqueIdentifier>
    </Filter>
    <Filter Include="Texture">
      <UniqueIdentifier>{ef13ffa7-790e-42c4-85a3-5a132b632f21}</UniqueIdentifier>
    </Filter>
    <Filter Include="Thread">
      <UniqueIdentifier>{f4c1cc94-8e4e-4c47-bbe6-bd8fcfe5ef22}</UniqueIdentifier>
    </Filter>
    <Filter Include="Time">
      <UniqueIdentifier>{c2190f44-c20d-4213-a0a6-ea8d69d0d5c0}</UniqueIdentifier>
    </Filter>
    <Filter Include="Utils">
      <UniqueIdentifier>{754fc06b-4805-4fee-a21f-a386c3e18e6e}</UniqueIdentifier>
    </Filter>
    <Filter Include="Input">
      <UniqueIdentifier>{a431435f-cd34-482e-ac01-dd6d4f39d3ba}</UniqueIdentifier>
    </Filter>
    <Filter Include="GraphicsAPI">
      <UniqueIdentifier>{9b2e8215-3ec4-4f7f-8005-1d7f9b61932b}</UniqueIdentifier>
    </Filter>
    <Filter Include="GraphicsAPI\GL">
      <UniqueIdentifier>{5754fe47-b0b6-429f-938f-9a164359d0a5}</UniqueIdentifier>
    </Filter>
  </ItemGroup>
  <ItemGroup>
    <ClInclude Include="..\Src\AGZUtils\Alloc\Alloc.h">
      <Filter>Alloc</Filter>
    </ClInclude>
    <ClInclude Include="..\Src\AGZUtils\Alloc\FixedSizedArena.h">
      <Filter>Alloc</Filter>
    </ClInclude>
    <ClInclude Include="..\Src\AGZUtils\Alloc\Malloc.h">
      <Filter>Alloc</Filter>
    </ClInclude>
    <ClInclude Include="..\Src\AGZUtils\Alloc\ObjArena.h">
      <Filter>Alloc</Filter>
    </ClInclude>
    <ClInclude Include="..\Src\AGZUtils\Config\Config.h">
      <Filter>Config</Filter>
    </ClInclude>
    <ClInclude Include="..\Src\AGZUtils\FileSys\File.h">
      <Filter>FileSys</Filter>
    </ClInclude>
    <ClInclude Include="..\Src\AGZUtils\FileSys\Path.h">
      <Filter>FileSys</Filter>
    </ClInclude>
    <ClInclude Include="..\Src\AGZUtils\FileSys\Raw.h">
      <Filter>FileSys</Filter>
    </ClInclude>
    <ClInclude Include="..\Src\AGZUtils\Math\Color.h">
      <Filter>Math</Filter>
    </ClInclude>
    <ClInclude Include="..\Src\AGZUtils\Math\D64x4.h">
      <Filter>Math</Filter>
    </ClInclude>
    <ClInclude Include="..\Src\AGZUtils\Math\DistributionTransform.h">
      <Filter>Math</Filter>
    </ClInclude>
    <ClInclude Include="..\Src\AGZUtils\Math\F32x4.h">
      <Filter>Math</Filter>
    </ClInclude>
    <ClInclude Include="..\Src\AGZUtils\Math\Mat3.h">
      <Filter>Math</Filter>
    </ClInclude>
    <ClInclude Include="..\Src\AGZUtils\Math\Quaternion.h">
      <Filter>Math</Filter>
    </ClInclude>
    <ClInclude Include="..\Src\AGZUtils\Math\Random.h">
      <Filter>Math</Filter>
    </ClInclude>
    <ClInclude Include="..\Src\AGZUtils\Math\Rect.h">
      <Filter>Math</Filter>
    </ClInclude>
    <ClInclude Include="..\Src\AGZUtils\Math\Scalar.h">
      <Filter>Math</Filter>
    </ClInclude>
    <ClInclude Include="..\Src\AGZUtils\Math\SH.h">
      <Filter>Math</Filter>
    </ClInclude>
    <ClInclude Include="..\Src\AGZUtils\Math\Vec.h">
      <Filter>Math</Filter>
    </ClInclude>
    <ClInclude Include="..\Src\AGZUtils\Math\Vec2.h">
      <Filter>Math</Filter>
    </ClInclude>
    <ClInclude Include="..\Src\AGZUtils\Math\Vec3.h">
      <Filter>Math</Filter>
    </ClInclude>
    <ClInclude Include="..\Src\AGZUtils\Math\Vec4.h">
      <Filter>Math</Filter>
    </ClInclude>
    <ClInclude Include="..\Src\AGZUtils\Mesh\Mesh.h">
      <Filter>Mesh</Filter>
    </ClInclude>
    <ClInclude Include="..\Src\AGZUtils\Mesh\WavefrontObj.h">
      <Filter>Mesh</Filter>
    </ClInclude>
    <ClInclude Include="..\Src\AGZUtils\Misc\Common.h">
      <Filter>Misc</Filter>
    </ClInclude>
    <ClInclude Include="..\Src\AGZUtils\Misc\COWObject.h">
      <Filter>Misc</Filter>
    </ClInclude>
    <ClInclude Include="..\Src\AGZUtils\Misc\Either.h">
      <Filter>Misc</Filter>
    </ClInclude>
    <ClInclude Include="..\Src\AGZUtils\Misc\Endian.h">
      <Filter>Misc</Filter>
    </ClInclude>
    <ClInclude Include="..\Src\AGZUtils\Misc\Exception.h">
      <Filter>Misc</Filter>
    </ClInclude>
    <ClInclude Include="..\Src\AGZUtils\Misc\PrettyTypeName.h">
      <Filter>Misc</Filter>
    </ClInclude>
    <ClInclude Include="..\Src\AGZUtils\Misc\Singleton.h">
      <Filter>Misc</Filter>
    </ClInclude>
    <ClInclude Include="..\Src\AGZUtils\Misc\TypeOpr.h">
      <Filter>Misc</Filter>
    </ClInclude>
    <ClInclude Include="..\Src\AGZUtils\Misc\Uncopiable.h">
      <Filter>Misc</Filter>
    </ClInclude>
    <ClInclude Include="..\Src\AGZUtils\Range\Aggregate.h">
      <Filter>Range</Filter>
    </ClInclude>
    <ClInclude Include="..\Src\AGZUtils\Range\All.h">
      <Filter>Range</Filter>
    </ClInclude>
    <ClInclude Include="..\Src\AGZUtils\Range\Any.h">
      <Filter>Range</Filter>
    </ClInclude>
    <ClInclude Include="..\Src\AGZUtils\Range\Between.h">
      <Filter>Range</Filter>
    </ClInclude>
    <ClInclude Include="..\Src\AGZUtils\Range\Collect.h">
      <Filter>Range</Filter>
    </ClInclude>
    <ClInclude Include="..\Src\AGZUtils\Range\Count.h">
      <Filter>Range</Filter>
    </ClInclude>
    <ClInclude Include="..\Src\AGZUtils\Range\Drop.h">
      <Filter>Range</Filter>
    </ClInclude>
    <ClInclude Include="..\Src\AGZUtils\Range\Each.h">
      <Filter>Range</Filter>
    </ClInclude>
    <ClInclude Include="..\Src\AGZUtils\Range\Filter.h">
      <Filter>Range</Filter>
    </ClInclude>
    <ClInclude Include="..\Src\AGZUtils\Range\FilterMap.h">
      <Filter>Range</Filter>
    </ClInclude>
    <ClInclude Include="..\Src\AGZUtils\Range\Iterator.h">
      <Filter>Range</Filter>
    </ClInclude>
    <ClInclude Include="..\Src\AGZUtils\Range\Map.h">
      <Filter>Range</Filter>
    </ClInclude>
    <ClInclude Include="..\Src\AGZUtils\Range\PartialFoldl.h">
      <Filter>Range</Filter>
    </ClInclude>
    <ClInclude Include="..\Src\AGZUtils\Range\Reduce.h">
      <Filter>Range</Filter>
    </ClInclude>
    <ClInclude Include="..\Src\AGZUtils\Range\Reverse.h">
      <Filter>Range</Filter>
    </ClInclude>
    <ClInclude Include="..\Src\AGZUtils\Range\Seq.h">
      <Filter>Range</Filter>
    </ClInclude>
    <ClInclude Include="..\Src\AGZUtils\Range\Take.h">
      <Filter>Range</Filter>
    </ClInclude>
    <ClInclude Include="..\Src\AGZUtils\Range\Transform.h">
      <Filter>Range</Filter>
    </ClInclude>
    <ClInclude Include="..\Src\AGZUtils\Serialize\BinaryDeserializer.h">
      <Filter>Serialize</Filter>
    </ClInclude>
    <ClInclude Include="..\Src\AGZUtils\Serialize\BinarySerializer.h">
      <Filter>Serialize</Filter>
    </ClInclude>
    <ClInclude Include="..\Src\AGZUtils\Serialize\Predefined.h">
      <Filter>Serialize</Filter>
    </ClInclude>
    <ClInclude Include="..\Src\AGZUtils\String\Charset\ASCII.h">
      <Filter>String\Charset</Filter>
    </ClInclude>
    <ClInclude Include="..\Src\AGZUtils\String\Charset\Charset.h">
      <Filter>String\Charset</Filter>
    </ClInclude>
    <ClInclude Include="..\Src\AGZUtils\String\Charset\UTF.h">
      <Filter>String\Charset</Filter>
    </ClInclude>
    <ClInclude Include="..\Src\AGZUtils\String\Charset\UTF8.h">
      <Filter>String\Charset</Filter>
    </ClInclude>
    <ClInclude Include="..\Src\AGZUtils\String\Charset\UTF16.h">
      <Filter>String\Charset</Filter>
    </ClInclude>
    <ClInclude Include="..\Src\AGZUtils\String\Charset\UTF32.h">
      <Filter>String\Charset</Filter>
    </ClInclude>
    <ClInclude Include="..\Src\AGZUtils\String\String\StrAlgo.h">
      <Filter>String\String</Filter>
    </ClInclude>
    <ClInclude Include="..\Src\AGZUtils\String\String\String.h">
      <Filter>String\String</Filter>
    </ClInclude>
    <ClInclude Include="..\Src\AGZUtils\String\Regex\PikeVM.h">
      <Filter>String\Regex</Filter>
    </ClInclude>
    <ClInclude Include="..\Src\AGZUtils\String\Regex\Regex.h">
      <Filter>String\Regex</Filter>
    </ClInclude>
    <ClInclude Include="..\Src\AGZUtils\String\Regex\PikeVM\Backend.h">
      <Filter>String\Regex\PikeVM</Filter>
    </ClInclude>
    <ClInclude Include="..\Src\AGZUtils\String\Regex\PikeVM\Inst.h">
      <Filter>String\Regex\PikeVM</Filter>
    </ClInclude>
    <ClInclude Include="..\Src\AGZUtils\String\Regex\PikeVM\Machine.h">
      <Filter>String\Regex\PikeVM</Filter>
    </ClInclude>
    <ClInclude Include="..\Src\AGZUtils\String\Regex\PikeVM\Syntax.h">
      <Filter>String\Regex\PikeVM</Filter>
    </ClInclude>
    <ClInclude Include="..\Src\AGZUtils\Texture\CubeMap.h">
      <Filter>Texture</Filter>
    </ClInclude>
    <ClInclude Include="..\Src\AGZUtils\Texture\Sampler.h">
      <Filter>Texture</Filter>
    </ClInclude>
    <ClInclude Include="..\Src\AGZUtils\Texture\SphereMap.h">
      <Filter>Texture</Filter>
    </ClInclude>
    <ClInclude Include="..\Src\AGZUtils\Texture\Texture.h">
      <Filter>Texture</Filter>
    </ClInclude>
    <ClInclude Include="..\Src\AGZUtils\Texture\TextureFile.h">
      <Filter>Texture</Filter>
    </ClInclude>
    <ClInclude Include="..\Src\AGZUtils\Thread\StaticTaskDispatcher.h">
      <Filter>Thread</Filter>
    </ClInclude>
    <ClInclude Include="..\Src\AGZUtils\Time\Clock.h">
      <Filter>Time</Filter>
    </ClInclude>
    <ClInclude Include="..\Src\AGZUtils\Utils\Alloc.h">
      <Filter>Utils</Filter>
    </ClInclude>
    <ClInclude Include="..\Src\AGZUtils\Utils\Config.h">
      <Filter>Utils</Filter>
    </ClInclude>
    <ClInclude Include="..\Src\AGZUtils\Utils\FileSys.h">
      <Filter>Utils</Filter>
    </ClInclude>
    <ClInclude Include="..\Src\AGZUtils\Utils\Math.h">
      <Filter>Utils</Filter>
    </ClInclude>
    <ClInclude Include="..\Src\AGZUtils\Utils\Mesh.h">
      <Filter>Utils</Filter>
    </ClInclude>
    <ClInclude Include="..\Src\AGZUtils\Utils\Misc.h">
      <Filter>Utils</Filter>
    </ClInclude>
    <ClInclude Include="..\Src\AGZUtils\Utils\Range.h">
      <Filter>Utils</Filter>
    </ClInclude>
    <ClInclude Include="..\Src\AGZUtils\Utils\Serialize.h">
      <Filter>Utils</Filter>
    </ClInclude>
    <ClInclude Include="..\Src\AGZUtils\Utils\String.h">
      <Filter>Utils</Filter>
    </ClInclude>
    <ClInclude Include="..\Src\AGZUtils\Utils\Texture.h">
      <Filter>Utils</Filter>
    </ClInclude>
    <ClInclude Include="..\Src\AGZUtils\Utils\Thread.h">
      <Filter>Utils</Filter>
    </ClInclude>
    <ClInclude Include="..\Src\AGZUtils\Utils\Time.h">
      <Filter>Utils</Filter>
    </ClInclude>
    <ClInclude Include="..\Src\AGZUtils\Utils.h" />
    <ClInclude Include="..\Src\AGZUtils\Input\Event.h">
      <Filter>Input</Filter>
    </ClInclude>
    <ClInclude Include="..\Src\AGZUtils\Input\GLFWCapturer.h">
      <Filter>Input</Filter>
    </ClInclude>
    <ClInclude Include="..\Src\AGZUtils\Input\PredefinedHandler.h">
      <Filter>Input</Filter>
    </ClInclude>
    <ClInclude Include="..\Src\AGZUtils\Input\Keyboard.h">
      <Filter>Input</Filter>
    </ClInclude>
    <ClInclude Include="..\Src\AGZUtils\Utils\Input.h">
      <Filter>Utils</Filter>
    </ClInclude>
    <ClInclude Include="..\Src\AGZUtils\Misc\ScopeGuard.h">
      <Filter>Misc</Filter>
    </ClInclude>
    <ClInclude Include="..\Src\AGZUtils\Math\RM_Mat4.h">
      <Filter>Math</Filter>
    </ClInclude>
    <ClInclude Include="..\Src\AGZUtils\Math\CM_Mat4.h">
      <Filter>Math</Filter>
    </ClInclude>
    <ClInclude Include="..\Src\AGZUtils\GraphicsAPI\GL\AttribVariable.h">
      <Filter>GraphicsAPI\GL</Filter>
    </ClInclude>
    <ClInclude Include="..\Src\AGZUtils\GraphicsAPI\GL\Buffer.h">
      <Filter>GraphicsAPI\GL</Filter>
    </ClInclude>
    <ClInclude Include="..\Src\AGZUtils\GraphicsAPI\GL\Common.h">
      <Filter>GraphicsAPI\GL</Filter>
    </ClInclude>
    <ClInclude Include="..\Src\AGZUtils\GraphicsAPI\GL\Program.h">
      <Filter>GraphicsAPI\GL</Filter>
    </ClInclude>
    <ClInclude Include="..\Src\AGZUtils\GraphicsAPI\GL\ProgramBuilder.h">
      <Filter>GraphicsAPI\GL</Filter>
    </ClInclude>
    <ClInclude Include="..\Src\AGZUtils\GraphicsAPI\GL\Sampler.h">
      <Filter>GraphicsAPI\GL</Filter>
    </ClInclude>
    <ClInclude Include="..\Src\AGZUtils\GraphicsAPI\GL\Shader.h">
      <Filter>GraphicsAPI\GL</Filter>
    </ClInclude>
    <ClInclude Include="..\Src\AGZUtils\GraphicsAPI\GL\Texture2D.h">
      <Filter>GraphicsAPI\GL</Filter>
    </ClInclude>
    <ClInclude Include="..\Src\AGZUtils\GraphicsAPI\GL\UniformVariable.h">
      <Filter>GraphicsAPI\GL</Filter>
    </ClInclude>
    <ClInclude Include="..\Src\AGZUtils\Utils\GL.h">
      <Filter>Utils</Filter>
    </ClInclude>
    <ClInclude Include="..\Src\AGZUtils\Input\Mouse.h">
      <Filter>Input</Filter>
    </ClInclude>
    <ClInclude Include="..\Src\AGZUtils\GraphicsAPI\GL\RenderBuffer.h">
      <Filter>GraphicsAPI\GL</Filter>
    </ClInclude>
    <ClInclude Include="..\Src\AGZUtils\GraphicsAPI\GL\FrameBuffer.h">
      <Filter>GraphicsAPI\GL</Filter>
    </ClInclude>
    <ClInclude Include="..\Src\AGZUtils\GraphicsAPI\GL\VertexArray.h">
      <Filter>GraphicsAPI\GL</Filter>
    </ClInclude>
  </ItemGroup>
  <ItemGroup>
    <None Include="..\Src\AGZUtils\Config\Config.inl">
      <Filter>Config</Filter>
    </None>
    <None Include="..\Src\AGZUtils\FileSys\File.inl">
      <Filter>FileSys</Filter>
    </None>
    <None Include="..\Src\AGZUtils\Math\SwizzleVec2.inl">
      <Filter>Math</Filter>
    </None>
    <None Include="..\Src\AGZUtils\Math\SwizzleVec3.inl">
      <Filter>Math</Filter>
    </None>
    <None Include="..\Src\AGZUtils\Math\SwizzleVec4.inl">
      <Filter>Math</Filter>
    </None>
    <None Include="..\Src\AGZUtils\String\String\String.inl">
      <Filter>String\String</Filter>
    </None>
  </ItemGroup>
</Project>