<?xml version="1.0" encoding="utf-8"?>
<Project ToolsVersion="4.0" xmlns="http://schemas.microsoft.com/developer/msbuild/2003">
  <ItemGroup>
    <Filter Include="Math">
      <UniqueIdentifier>{e8bb4a33-5f13-46a8-9205-8a1ef2cf1159}</UniqueIdentifier>
    </Filter>
    <Filter Include="Buffer">
      <UniqueIdentifier>{10d262d2-8012-4482-9276-80048e6714aa}</UniqueIdentifier>
    </Filter>
    <Filter Include="Misc">
      <UniqueIdentifier>{695ff70c-efc1-4c77-926e-ce7a2e1e46a1}</UniqueIdentifier>
    </Filter>
    <Filter Include="String">
      <UniqueIdentifier>{20a9f90c-cbee-4c36-959c-827ce718850b}</UniqueIdentifier>
    </Filter>
    <Filter Include="Range">
      <UniqueIdentifier>{c15bab53-935c-406b-9cb1-0e6e06a56b40}</UniqueIdentifier>
    </Filter>
  </ItemGroup>
  <ItemGroup>
    <ClInclude Include="..\Src\Math\Scalar.h">
      <Filter>Math</Filter>
    </ClInclude>
    <ClInclude Include="..\Src\Math\Vec2.h">
      <Filter>Math</Filter>
    </ClInclude>
    <ClInclude Include="..\Src\Math\Vec3.h">
      <Filter>Math</Filter>
    </ClInclude>
    <ClInclude Include="..\Src\Math\Vec4.h">
      <Filter>Math</Filter>
    </ClInclude>
    <ClInclude Include="..\Src\Math\Mat4.h">
      <Filter>Math</Filter>
    </ClInclude>
    <ClInclude Include="..\Src\Math\Angle.h">
      <Filter>Math</Filter>
    </ClInclude>
    <ClInclude Include="..\Src\Math\Random.h">
      <Filter>Math</Filter>
    </ClInclude>
    <ClInclude Include="..\Src\Math\Tri.h">
      <Filter>Math</Filter>
    </ClInclude>
    <ClInclude Include="..\Src\Math\Color.h">
      <Filter>Math</Filter>
    </ClInclude>
    <ClInclude Include="..\Src\Math\SSE.h">
      <Filter>Math</Filter>
    </ClInclude>
    <ClInclude Include="..\Src\Buffer\Buffer2D.h">
      <Filter>Buffer</Filter>
    </ClInclude>
    <ClInclude Include="..\Src\Buffer\Buffer.h">
      <Filter>Buffer</Filter>
    </ClInclude>
    <ClInclude Include="..\Src\Utils.h" />
    <ClInclude Include="..\Src\Misc\Bench.h">
      <Filter>Misc</Filter>
    </ClInclude>
    <ClInclude Include="..\Src\Misc\Endian.h">
      <Filter>Misc</Filter>
    </ClInclude>
    <ClInclude Include="..\Src\Misc\TypeOpr.h">
      <Filter>Misc</Filter>
    </ClInclude>
    <ClInclude Include="..\Src\Misc\Common.h">
      <Filter>Misc</Filter>
    </ClInclude>
    <ClInclude Include="..\Src\String\UTF8.h">
      <Filter>String</Filter>
    </ClInclude>
    <ClInclude Include="..\Src\String\UTF32.h">
      <Filter>String</Filter>
    </ClInclude>
    <ClInclude Include="..\Src\Range\Take.h">
      <Filter>Range</Filter>
    </ClInclude>
    <ClInclude Include="..\Src\Range\Seq.h">
      <Filter>Range</Filter>
    </ClInclude>
    <ClInclude Include="..\Src\Range\Aggregate.h">
      <Filter>Range</Filter>
    </ClInclude>
    <ClInclude Include="..\Src\Range\Between.h">
      <Filter>Range</Filter>
    </ClInclude>
    <ClInclude Include="..\Src\Range\Filter.h">
      <Filter>Range</Filter>
    </ClInclude>
    <ClInclude Include="..\Src\Range\Map.h">
      <Filter>Range</Filter>
    </ClInclude>
    <ClInclude Include="..\Src\Range\Reverse.h">
      <Filter>Range</Filter>
    </ClInclude>
    <ClInclude Include="..\Src\Range\Collect.h">
      <Filter>Range</Filter>
    </ClInclude>
    <ClInclude Include="..\Src\Range\Drop.h">
      <Filter>Range</Filter>
    </ClInclude>
    <ClInclude Include="..\Src\Range\Iterator.h">
      <Filter>Range</Filter>
    </ClInclude>
    <ClInclude Include="..\Src\Range\PartialFoldl.h">
      <Filter>Range</Filter>
    </ClInclude>
    <ClInclude Include="..\Src\Range\Transform.h">
      <Filter>Range</Filter>
    </ClInclude>
    <ClInclude Include="..\Src\String\UTF.h">
      <Filter>String</Filter>
    </ClInclude>
    <ClInclude Include="..\Src\String\UTF16.h">
      <Filter>String</Filter>
    </ClInclude>
    <ClInclude Include="..\Src\String\Charset.h">
      <Filter>String</Filter>
    </ClInclude>
    <ClInclude Include="..\Src\Range\Reduce.h">
      <Filter>Range</Filter>
    </ClInclude>
    <ClInclude Include="..\Src\Range\Count.h">
      <Filter>Range</Filter>
    </ClInclude>
    <ClInclude Include="..\Src\Range\Each.h">
      <Filter>Range</Filter>
    </ClInclude>
    <ClInclude Include="..\Src\Range\All.h">
      <Filter>Range</Filter>
    </ClInclude>
    <ClInclude Include="..\Src\Range\Any.h">
      <Filter>Range</Filter>
    </ClInclude>
    <ClInclude Include="..\Src\String\ASCII.h">
      <Filter>String</Filter>
    </ClInclude>
    <ClInclude Include="..\Src\String\StrAlgo.h">
      <Filter>String</Filter>
    </ClInclude>
    <ClInclude Include="..\Src\String\String.h">
      <Filter>String</Filter>
    </ClInclude>
  </ItemGroup>
  <ItemGroup>
    <None Include="..\Src\Math\SwizzleVec4.inl">
      <Filter>Math</Filter>
    </None>
    <None Include="..\Src\Math\SwizzleVec3.inl">
      <Filter>Math</Filter>
    </None>
    <None Include="..\Src\Math\SwizzleVec2.inl">
      <Filter>Math</Filter>
    </None>
    <None Include="..\Src\String\String.inl">
      <Filter>String</Filter>
    </None>
  </ItemGroup>
</Project>