<?xml version="1.0" encoding="utf-8"?>
<Project ToolsVersion="4.0" xmlns="http://schemas.microsoft.com/developer/msbuild/2003">
  <ItemGroup>
    <Filter Include="Math">
      <UniqueIdentifier>{e8bb4a33-5f13-46a8-9205-8a1ef2cf1159}</UniqueIdentifier>
    </Filter>
    <Filter Include="Buffer">
      <UniqueIdentifier>{10d262d2-8012-4482-9276-80048e6714aa}</UniqueIdentifier>
    </Filter>
    <Filter Include="Misc">
      <UniqueIdentifier>{695ff70c-efc1-4c77-926e-ce7a2e1e46a1}</UniqueIdentifier>
    </Filter>
    <Filter Include="String">
      <UniqueIdentifier>{20a9f90c-cbee-4c36-959c-827ce718850b}</UniqueIdentifier>
    </Filter>
    <Filter Include="Range">
      <UniqueIdentifier>{c15bab53-935c-406b-9cb1-0e6e06a56b40}</UniqueIdentifier>
    </Filter>
    <Filter Include="String\Charset">
      <UniqueIdentifier>{041ae47a-d3f7-46b6-8d5c-f2ea0f7ddccf}</UniqueIdentifier>
    </Filter>
    <Filter Include="Alloc">
      <UniqueIdentifier>{bbc86d95-b5c8-4adc-b421-2e908041f776}</UniqueIdentifier>
    </Filter>
    <Filter Include="String\Regex">
      <UniqueIdentifier>{90cdbbff-e04e-48e3-a5b6-07094d331477}</UniqueIdentifier>
    </Filter>
    <Filter Include="FileSys">
      <UniqueIdentifier>{8a4777f6-1f7e-4568-a06c-66e6e57eced9}</UniqueIdentifier>
    </Filter>
    <Filter Include="String\String">
      <UniqueIdentifier>{8557d3fb-575a-44f3-9f08-42b95d3c5a53}</UniqueIdentifier>
    </Filter>
    <Filter Include="Utils">
      <UniqueIdentifier>{0a1225e9-3f29-40ee-8c81-1667d139a90c}</UniqueIdentifier>
    </Filter>
    <Filter Include="Platform">
      <UniqueIdentifier>{b013233a-e993-4caf-9917-44ae48e928a3}</UniqueIdentifier>
    </Filter>
    <Filter Include="String\Regex\PikeVM">
      <UniqueIdentifier>{d3c50a4f-5d0f-4fe9-9a6e-3a5b0aa8ebab}</UniqueIdentifier>
    </Filter>
    <Filter Include="Texture">
      <UniqueIdentifier>{c1ae0090-5471-4554-a3d3-52f330293e4d}</UniqueIdentifier>
    </Filter>
    <Filter Include="Model">
      <UniqueIdentifier>{9130d6f5-4bad-4832-8701-b37d5d29d8bc}</UniqueIdentifier>
    </Filter>
    <Filter Include="Time">
      <UniqueIdentifier>{30c6b6e7-ea30-4779-a730-3228e127d24e}</UniqueIdentifier>
    </Filter>
    <Filter Include="Config">
      <UniqueIdentifier>{1618bb83-3dd2-4098-92c2-9e803689af30}</UniqueIdentifier>
    </Filter>
  </ItemGroup>
  <ItemGroup>
    <ClInclude Include="..\Src\Math\Scalar.h">
      <Filter>Math</Filter>
    </ClInclude>
    <ClInclude Include="..\Src\Math\Vec2.h">
      <Filter>Math</Filter>
    </ClInclude>
    <ClInclude Include="..\Src\Math\Vec3.h">
      <Filter>Math</Filter>
    </ClInclude>
    <ClInclude Include="..\Src\Math\Vec4.h">
      <Filter>Math</Filter>
    </ClInclude>
    <ClInclude Include="..\Src\Math\Mat4.h">
      <Filter>Math</Filter>
    </ClInclude>
    <ClInclude Include="..\Src\Math\Angle.h">
      <Filter>Math</Filter>
    </ClInclude>
    <ClInclude Include="..\Src\Math\Random.h">
      <Filter>Math</Filter>
    </ClInclude>
    <ClInclude Include="..\Src\Math\Tri.h">
      <Filter>Math</Filter>
    </ClInclude>
    <ClInclude Include="..\Src\Math\Color.h">
      <Filter>Math</Filter>
    </ClInclude>
    <ClInclude Include="..\Src\Utils.h" />
    <ClInclude Include="..\Src\Misc\Endian.h">
      <Filter>Misc</Filter>
    </ClInclude>
    <ClInclude Include="..\Src\Misc\TypeOpr.h">
      <Filter>Misc</Filter>
    </ClInclude>
    <ClInclude Include="..\Src\Misc\Common.h">
      <Filter>Misc</Filter>
    </ClInclude>
    <ClInclude Include="..\Src\Range\Take.h">
      <Filter>Range</Filter>
    </ClInclude>
    <ClInclude Include="..\Src\Range\Seq.h">
      <Filter>Range</Filter>
    </ClInclude>
    <ClInclude Include="..\Src\Range\Aggregate.h">
      <Filter>Range</Filter>
    </ClInclude>
    <ClInclude Include="..\Src\Range\Between.h">
      <Filter>Range</Filter>
    </ClInclude>
    <ClInclude Include="..\Src\Range\Filter.h">
      <Filter>Range</Filter>
    </ClInclude>
    <ClInclude Include="..\Src\Range\Map.h">
      <Filter>Range</Filter>
    </ClInclude>
    <ClInclude Include="..\Src\Range\Reverse.h">
      <Filter>Range</Filter>
    </ClInclude>
    <ClInclude Include="..\Src\Range\Collect.h">
      <Filter>Range</Filter>
    </ClInclude>
    <ClInclude Include="..\Src\Range\Drop.h">
      <Filter>Range</Filter>
    </ClInclude>
    <ClInclude Include="..\Src\Range\Iterator.h">
      <Filter>Range</Filter>
    </ClInclude>
    <ClInclude Include="..\Src\Range\PartialFoldl.h">
      <Filter>Range</Filter>
    </ClInclude>
    <ClInclude Include="..\Src\Range\Transform.h">
      <Filter>Range</Filter>
    </ClInclude>
    <ClInclude Include="..\Src\Range\Reduce.h">
      <Filter>Range</Filter>
    </ClInclude>
    <ClInclude Include="..\Src\Range\Count.h">
      <Filter>Range</Filter>
    </ClInclude>
    <ClInclude Include="..\Src\Range\Each.h">
      <Filter>Range</Filter>
    </ClInclude>
    <ClInclude Include="..\Src\Range\All.h">
      <Filter>Range</Filter>
    </ClInclude>
    <ClInclude Include="..\Src\Range\Any.h">
      <Filter>Range</Filter>
    </ClInclude>
    <ClInclude Include="..\Src\String\Charset\ASCII.h">
      <Filter>String\Charset</Filter>
    </ClInclude>
    <ClInclude Include="..\Src\String\Charset\UTF.h">
      <Filter>String\Charset</Filter>
    </ClInclude>
    <ClInclude Include="..\Src\String\Charset\UTF8.h">
      <Filter>String\Charset</Filter>
    </ClInclude>
    <ClInclude Include="..\Src\String\Charset\UTF16.h">
      <Filter>String\Charset</Filter>
    </ClInclude>
    <ClInclude Include="..\Src\String\Charset\UTF32.h">
      <Filter>String\Charset</Filter>
    </ClInclude>
    <ClInclude Include="..\Src\Alloc\Alloc.h">
      <Filter>Alloc</Filter>
    </ClInclude>
    <ClInclude Include="..\Src\Alloc\Malloc.h">
      <Filter>Alloc</Filter>
    </ClInclude>
    <ClInclude Include="..\Src\String\Regex\Regex.h">
      <Filter>String\Regex</Filter>
    </ClInclude>
    <ClInclude Include="..\Src\Buffer\COWObject.h">
      <Filter>Buffer</Filter>
    </ClInclude>
    <ClInclude Include="..\Src\String\Charset\Charset.h">
      <Filter>String\Charset</Filter>
    </ClInclude>
    <ClInclude Include="..\Src\String\String\StrAlgo.h">
      <Filter>String\String</Filter>
    </ClInclude>
    <ClInclude Include="..\Src\String\String\String.h">
      <Filter>String\String</Filter>
    </ClInclude>
    <ClInclude Include="..\Src\Misc\Config.h">
      <Filter>Misc</Filter>
    </ClInclude>
    <ClInclude Include="..\Src\Utils\Alloc.h">
      <Filter>Utils</Filter>
    </ClInclude>
    <ClInclude Include="..\Src\Utils\Buffer.h">
      <Filter>Utils</Filter>
    </ClInclude>
    <ClInclude Include="..\Src\Utils\Math.h">
      <Filter>Utils</Filter>
    </ClInclude>
    <ClInclude Include="..\Src\Utils\FileSys.h">
      <Filter>Utils</Filter>
    </ClInclude>
    <ClInclude Include="..\Src\Utils\Misc.h">
      <Filter>Utils</Filter>
    </ClInclude>
    <ClInclude Include="..\Src\Utils\Range.h">
      <Filter>Utils</Filter>
    </ClInclude>
    <ClInclude Include="..\Src\Utils\String.h">
      <Filter>Utils</Filter>
    </ClInclude>
    <ClInclude Include="..\Src\Platform\Platform.h">
      <Filter>Platform</Filter>
    </ClInclude>
    <ClInclude Include="..\Src\Utils\Platform.h">
      <Filter>Utils</Filter>
    </ClInclude>
    <ClInclude Include="..\Src\String\Regex\PikeVM\Backend.h">
      <Filter>String\Regex\PikeVM</Filter>
    </ClInclude>
    <ClInclude Include="..\Src\String\Regex\PikeVM\Inst.h">
      <Filter>String\Regex\PikeVM</Filter>
    </ClInclude>
    <ClInclude Include="..\Src\String\Regex\PikeVM\Machine.h">
      <Filter>String\Regex\PikeVM</Filter>
    </ClInclude>
    <ClInclude Include="..\Src\String\Regex\PikeVM\Syntax.h">
      <Filter>String\Regex\PikeVM</Filter>
    </ClInclude>
    <ClInclude Include="..\Src\String\Regex\PikeVM.h">
      <Filter>String\Regex</Filter>
    </ClInclude>
    <ClInclude Include="..\Src\Utils\Texture.h">
      <Filter>Utils</Filter>
    </ClInclude>
    <ClInclude Include="..\Src\Texture\TextureFile.h">
      <Filter>Texture</Filter>
    </ClInclude>
    <ClInclude Include="..\Src\FileSys\Path.h">
      <Filter>FileSys</Filter>
    </ClInclude>
    <ClInclude Include="..\Src\FileSys\Raw.h">
      <Filter>FileSys</Filter>
    </ClInclude>
    <ClInclude Include="..\Src\Math\Quaternion.h">
      <Filter>Math</Filter>
    </ClInclude>
    <ClInclude Include="..\Src\Math\Vec.h">
      <Filter>Math</Filter>
    </ClInclude>
    <ClInclude Include="..\Src\Texture\Texture.h">
      <Filter>Texture</Filter>
    </ClInclude>
    <ClInclude Include="..\Src\Misc\Uncopiable.h">
      <Filter>Misc</Filter>
    </ClInclude>
    <ClInclude Include="..\Src\Math\Mat3.h">
      <Filter>Math</Filter>
    </ClInclude>
    <ClInclude Include="..\Src\Misc\Singleton.h">
      <Filter>Misc</Filter>
    </ClInclude>
    <ClInclude Include="..\Src\Model\WavefrontOBJ.h">
      <Filter>Model</Filter>
    </ClInclude>
    <ClInclude Include="..\Src\Utils\Model.h">
      <Filter>Utils</Filter>
    </ClInclude>
    <ClInclude Include="..\Src\Model\Model.h">
      <Filter>Model</Filter>
    </ClInclude>
    <ClInclude Include="..\Src\Range\FilterMap.h">
      <Filter>Range</Filter>
    </ClInclude>
    <ClInclude Include="..\Src\Time\Timer.h">
      <Filter>Time</Filter>
    </ClInclude>
    <ClInclude Include="..\Src\Utils\Time.h">
      <Filter>Utils</Filter>
    </ClInclude>
    <ClInclude Include="..\Src\Misc\Exception.h">
      <Filter>Misc</Filter>
    </ClInclude>
    <ClInclude Include="..\Src\Misc\PrettyTypeName.h">
      <Filter>Misc</Filter>
    </ClInclude>
    <ClInclude Include="..\Src\Texture\Sampler.h">
      <Filter>Texture</Filter>
    </ClInclude>
    <ClInclude Include="..\Src\Math\DistributionTransform.h">
      <Filter>Math</Filter>
    </ClInclude>
    <ClInclude Include="..\Src\Alloc\ObjArena.h">
      <Filter>Alloc</Filter>
    </ClInclude>
    <ClInclude Include="..\Src\Alloc\FixedSizedArena.h">
      <Filter>Alloc</Filter>
    </ClInclude>
    <ClInclude Include="..\Src\Config\Config.h">
      <Filter>Config</Filter>
    </ClInclude>
    <ClInclude Include="..\Src\Utils\Config.h">
      <Filter>Utils</Filter>
    </ClInclude>
    <ClInclude Include="..\Src\Math\D64x4.h">
      <Filter>Math</Filter>
    </ClInclude>
    <ClInclude Include="..\Src\Math\F32x4.h">
      <Filter>Math</Filter>
    </ClInclude>
    <ClInclude Include="..\Src\Misc\Either.h">
      <Filter>Misc</Filter>
    </ClInclude>
    <ClInclude Include="..\Src\Config\Config.inl">
      <Filter>Config</Filter>
    </ClInclude>
  </ItemGroup>
  <ItemGroup>
    <None Include="..\Src\Math\SwizzleVec4.inl">
      <Filter>Math</Filter>
    </None>
    <None Include="..\Src\Math\SwizzleVec3.inl">
      <Filter>Math</Filter>
    </None>
    <None Include="..\Src\Math\SwizzleVec2.inl">
      <Filter>Math</Filter>
    </None>
    <None Include="..\Src\String\String\String.inl">
      <Filter>String\String</Filter>
    </None>
  </ItemGroup>
</Project>